PODS:
  - Aperitif (0.1.0):
    - MZFormSheetController (~> 2.3.3)
  - MZAppearance (1.1.1)
  - MZFormSheetController (2.3.3):
    - MZAppearance (~> 1.1.1)

DEPENDENCIES:
  - Aperitif (from `../Aperitif.podspec`)

EXTERNAL SOURCES:
  Aperitif:
    :path: ../Aperitif.podspec

SPEC CHECKSUMS:
  Aperitif: 42787a31c2ec39e94a53b743f33ca3c33530076d
  MZAppearance: 8b02683f0019f725557ae9839ed6cab153fff669
  MZFormSheetController: 9630bc61ff30ac48c87930fbe350490e484a6496

COCOAPODS: 0.31.1
